
Microsoft Visual Studio Solution File, Format Version 12.00
# Visual Studio 15
VisualStudioVersion = 15.0.28307.902
MinimumVisualStudioVersion = 10.0.40219.1
Project("{FAE04EC0-301F-11D3-BF4B-00C04F79EFBC}") = "SocketServer", "SocketServer\SocketServer.csproj", "{647CFD04-0778-424B-BB42-763BEB5343CE}"
EndProject
Project("{FAE04EC0-301F-11D3-BF4B-00C04F79EFBC}") = "SocketClient", "SocketClient\SocketClient.csproj", "{47FECE5E-4A06-4C96-B1BF-975BF374AEEA}"
EndProject
Global
	GlobalSection(SolutionConfigurationPlatforms) = preSolution
		Debug|Any CPU = Debug|Any CPU
		Release|Any CPU = Release|Any CPU
	EndGlobalSection
	GlobalSection(ProjectConfigurationPlatforms) = postSolution
		{647CFD04-0778-424B-BB42-763BEB5343CE}.Debug|Any CPU.ActiveCfg = Debug|Any CPU
		{647CFD04-0778-424B-BB42-763BEB5343CE}.Debug|Any CPU.Build.0 = Debug|Any CPU
		{647CFD04-0778-424B-BB42-763BEB5343CE}.Release|Any CPU.ActiveCfg = Release|Any CPU
		{647CFD04-0778-424B-BB42-763BEB5343CE}.Release|Any CPU.Build.0 = Release|Any CPU
		{47FECE5E-4A06-4C96-B1BF-975BF374AEEA}.Debug|Any CPU.ActiveCfg = Debug|Any CPU
		{47FECE5E-4A06-4C96-B1BF-975BF374AEEA}.Debug|Any CPU.Build.0 = Debug|Any CPU
		{47FECE5E-4A06-4C96-B1BF-975BF374AEEA}.Release|Any CPU.ActiveCfg = Release|Any CPU
		{47FECE5E-4A06-4C96-B1BF-975BF374AEEA}.Release|Any CPU.Build.0 = Release|Any CPU
	EndGlobalSection
	GlobalSection(SolutionProperties) = preSolution
		HideSolutionNode = FALSE
	EndGlobalSection
	GlobalSection(ExtensibilityGlobals) = postSolution
		SolutionGuid = {72C28DC6-3CDB-4E56-92AD-AB7F0384D294}
	EndGlobalSection
EndGlobal
